
Microsoft Visual Studio Solution File, Format Version 12.00
# Visual Studio Version 17
VisualStudioVersion = 17.1.32421.90
MinimumVisualStudioVersion = 10.0.40219.1
Project("{9A19103F-16F7-4668-BE54-9A1E7A4F7556}") = "FinalProject320V2", "FinalProject320.V2\FinalProject320V2.csproj", "{0C283CF9-4161-4997-B608-708804046030}"
EndProject
Global
	GlobalSection(SolutionConfigurationPlatforms) = preSolution
		Debug|Any CPU = Debug|Any CPU
		Release|Any CPU = Release|Any CPU
	EndGlobalSection
	GlobalSection(ProjectConfigurationPlatforms) = postSolution
		{0C283CF9-4161-4997-B608-708804046030}.Debug|Any CPU.ActiveCfg = Debug|Any CPU
		{0C283CF9-4161-4997-B608-708804046030}.Debug|Any CPU.Build.0 = Debug|Any CPU
		{0C283CF9-4161-4997-B608-708804046030}.Release|Any CPU.ActiveCfg = Release|Any CPU
		{0C283CF9-4161-4997-B608-708804046030}.Release|Any CPU.Build.0 = Release|Any CPU
	EndGlobalSection
	GlobalSection(SolutionProperties) = preSolution
		HideSolutionNode = FALSE
	EndGlobalSection
	GlobalSection(ExtensibilityGlobals) = postSolution
		SolutionGuid = {839E0789-59A7-406A-B32B-8A890E911C17}
	EndGlobalSection
EndGlobal
